
Microsoft Visual Studio Solution File, Format Version 12.00
# Visual Studio Version 17
VisualStudioVersion = 17.3.32825.248
MinimumVisualStudioVersion = 10.0.40219.1
Project("{9A19103F-16F7-4668-BE54-9A1E7A4F7556}") = "BulkyBookWeb", "BulkyBookWeb\BulkyBookWeb.csproj", "{99EFF959-B1EA-4966-B812-3CD205436104}"
EndProject
Project("{FAE04EC0-301F-11D3-BF4B-00C04F79EFBC}") = "BulkyBook.DataAccess", "BulkyBook.DataAccess\BulkyBook.DataAccess.csproj", "{5407A3F2-6455-4D2E-AA49-2C9ED30FD0BD}"
EndProject
Project("{FAE04EC0-301F-11D3-BF4B-00C04F79EFBC}") = "BulkyBook.Models", "BulkyBook.Models\BulkyBook.Models.csproj", "{BB4BC23B-87D7-4629-8005-32EABD32E90A}"
EndProject
Project("{FAE04EC0-301F-11D3-BF4B-00C04F79EFBC}") = "BulkyBook.Utility", "BulkyBook.Utility\BulkyBook.Utility.csproj", "{5C44919E-3F68-4EA5-851E-7520D97855B6}"
EndProject
Global
	GlobalSection(SolutionConfigurationPlatforms) = preSolution
		Debug|Any CPU = Debug|Any CPU
		Release|Any CPU = Release|Any CPU
	EndGlobalSection
	GlobalSection(ProjectConfigurationPlatforms) = postSolution
		{99EFF959-B1EA-4966-B812-3CD205436104}.Debug|Any CPU.ActiveCfg = Debug|Any CPU
		{99EFF959-B1EA-4966-B812-3CD205436104}.Debug|Any CPU.Build.0 = Debug|Any CPU
		{99EFF959-B1EA-4966-B812-3CD205436104}.Release|Any CPU.ActiveCfg = Release|Any CPU
		{99EFF959-B1EA-4966-B812-3CD205436104}.Release|Any CPU.Build.0 = Release|Any CPU
		{5407A3F2-6455-4D2E-AA49-2C9ED30FD0BD}.Debug|Any CPU.ActiveCfg = Debug|Any CPU
		{5407A3F2-6455-4D2E-AA49-2C9ED30FD0BD}.Debug|Any CPU.Build.0 = Debug|Any CPU
		{5407A3F2-6455-4D2E-AA49-2C9ED30FD0BD}.Release|Any CPU.ActiveCfg = Release|Any CPU
		{5407A3F2-6455-4D2E-AA49-2C9ED30FD0BD}.Release|Any CPU.Build.0 = Release|Any CPU
		{BB4BC23B-87D7-4629-8005-32EABD32E90A}.Debug|Any CPU.ActiveCfg = Debug|Any CPU
		{BB4BC23B-87D7-4629-8005-32EABD32E90A}.Debug|Any CPU.Build.0 = Debug|Any CPU
		{BB4BC23B-87D7-4629-8005-32EABD32E90A}.Release|Any CPU.ActiveCfg = Release|Any CPU
		{BB4BC23B-87D7-4629-8005-32EABD32E90A}.Release|Any CPU.Build.0 = Release|Any CPU
		{5C44919E-3F68-4EA5-851E-7520D97855B6}.Debug|Any CPU.ActiveCfg = Debug|Any CPU
		{5C44919E-3F68-4EA5-851E-7520D97855B6}.Debug|Any CPU.Build.0 = Debug|Any CPU
		{5C44919E-3F68-4EA5-851E-7520D97855B6}.Release|Any CPU.ActiveCfg = Release|Any CPU
		{5C44919E-3F68-4EA5-851E-7520D97855B6}.Release|Any CPU.Build.0 = Release|Any CPU
	EndGlobalSection
	GlobalSection(SolutionProperties) = preSolution
		HideSolutionNode = FALSE
	EndGlobalSection
	GlobalSection(ExtensibilityGlobals) = postSolution
		SolutionGuid = {350F8A95-9DA7-404F-9A23-B64B34C1332E}
	EndGlobalSection
EndGlobal
